
Microsoft Visual Studio Solution File, Format Version 12.00
# Visual Studio 15
VisualStudioVersion = 15.0.28307.271
MinimumVisualStudioVersion = 10.0.40219.1
Project("{FAE04EC0-301F-11D3-BF4B-00C04F79EFBC}") = "DISATPN.WebResources", "src\DISATPN.WebResources\DISATPN.WebResources.csproj", "{0C4BADFF-6CFC-4816-A638-5002AF4F9C17}"
EndProject
Project("{FAE04EC0-301F-11D3-BF4B-00C04F79EFBC}") = "DISATPN.Client", "src\DISATPN.Client\DISATPN.Client.csproj", "{24FC634D-E4FA-4447-AA9F-684380FC76BA}"
EndProject
Project("{9A19103F-16F7-4668-BE54-9A1E7A4F7556}") = "DISATPN.Publisher", "src\DISATPN.Publisher\DISATPN.Publisher.csproj", "{3B1B5DE2-A532-4F2F-9B72-00047826FE67}"
EndProject
Project("{9A19103F-16F7-4668-BE54-9A1E7A4F7556}") = "DISATPN.Web", "src\DISATPN.Web\DISATPN.Web.csproj", "{A5D6E5EB-82D1-443A-9B9F-1E273960D041}"
EndProject
Global
	GlobalSection(SolutionConfigurationPlatforms) = preSolution
		Debug|Any CPU = Debug|Any CPU
		Debug|ARM = Debug|ARM
		Debug|ARM64 = Debug|ARM64
		Debug|x64 = Debug|x64
		Debug|x86 = Debug|x86
		Release|Any CPU = Release|Any CPU
		Release|ARM = Release|ARM
		Release|ARM64 = Release|ARM64
		Release|x64 = Release|x64
		Release|x86 = Release|x86
	EndGlobalSection
	GlobalSection(ProjectConfigurationPlatforms) = postSolution
		{0C4BADFF-6CFC-4816-A638-5002AF4F9C17}.Debug|Any CPU.ActiveCfg = Debug|Any CPU
		{0C4BADFF-6CFC-4816-A638-5002AF4F9C17}.Debug|Any CPU.Build.0 = Debug|Any CPU
		{0C4BADFF-6CFC-4816-A638-5002AF4F9C17}.Debug|ARM.ActiveCfg = Debug|Any CPU
		{0C4BADFF-6CFC-4816-A638-5002AF4F9C17}.Debug|ARM.Build.0 = Debug|Any CPU
		{0C4BADFF-6CFC-4816-A638-5002AF4F9C17}.Debug|ARM64.ActiveCfg = Debug|Any CPU
		{0C4BADFF-6CFC-4816-A638-5002AF4F9C17}.Debug|ARM64.Build.0 = Debug|Any CPU
		{0C4BADFF-6CFC-4816-A638-5002AF4F9C17}.Debug|x64.ActiveCfg = Debug|Any CPU
		{0C4BADFF-6CFC-4816-A638-5002AF4F9C17}.Debug|x64.Build.0 = Debug|Any CPU
		{0C4BADFF-6CFC-4816-A638-5002AF4F9C17}.Debug|x86.ActiveCfg = Debug|Any CPU
		{0C4BADFF-6CFC-4816-A638-5002AF4F9C17}.Debug|x86.Build.0 = Debug|Any CPU
		{0C4BADFF-6CFC-4816-A638-5002AF4F9C17}.Release|Any CPU.ActiveCfg = Release|Any CPU
		{0C4BADFF-6CFC-4816-A638-5002AF4F9C17}.Release|Any CPU.Build.0 = Release|Any CPU
		{0C4BADFF-6CFC-4816-A638-5002AF4F9C17}.Release|ARM.ActiveCfg = Release|Any CPU
		{0C4BADFF-6CFC-4816-A638-5002AF4F9C17}.Release|ARM.Build.0 = Release|Any CPU
		{0C4BADFF-6CFC-4816-A638-5002AF4F9C17}.Release|ARM64.ActiveCfg = Release|Any CPU
		{0C4BADFF-6CFC-4816-A638-5002AF4F9C17}.Release|ARM64.Build.0 = Release|Any CPU
		{0C4BADFF-6CFC-4816-A638-5002AF4F9C17}.Release|x64.ActiveCfg = Release|Any CPU
		{0C4BADFF-6CFC-4816-A638-5002AF4F9C17}.Release|x64.Build.0 = Release|Any CPU
		{0C4BADFF-6CFC-4816-A638-5002AF4F9C17}.Release|x86.ActiveCfg = Release|Any CPU
		{0C4BADFF-6CFC-4816-A638-5002AF4F9C17}.Release|x86.Build.0 = Release|Any CPU
		{24FC634D-E4FA-4447-AA9F-684380FC76BA}.Debug|Any CPU.ActiveCfg = Debug|ARM
		{24FC634D-E4FA-4447-AA9F-684380FC76BA}.Debug|Any CPU.Build.0 = Debug|ARM
		{24FC634D-E4FA-4447-AA9F-684380FC76BA}.Debug|Any CPU.Deploy.0 = Debug|ARM
		{24FC634D-E4FA-4447-AA9F-684380FC76BA}.Debug|ARM.ActiveCfg = Debug|ARM
		{24FC634D-E4FA-4447-AA9F-684380FC76BA}.Debug|ARM.Build.0 = Debug|ARM
		{24FC634D-E4FA-4447-AA9F-684380FC76BA}.Debug|ARM.Deploy.0 = Debug|ARM
		{24FC634D-E4FA-4447-AA9F-684380FC76BA}.Debug|ARM64.ActiveCfg = Debug|ARM64
		{24FC634D-E4FA-4447-AA9F-684380FC76BA}.Debug|ARM64.Build.0 = Debug|ARM64
		{24FC634D-E4FA-4447-AA9F-684380FC76BA}.Debug|ARM64.Deploy.0 = Debug|ARM64
		{24FC634D-E4FA-4447-AA9F-684380FC76BA}.Debug|x64.ActiveCfg = Debug|x64
		{24FC634D-E4FA-4447-AA9F-684380FC76BA}.Debug|x64.Build.0 = Debug|x64
		{24FC634D-E4FA-4447-AA9F-684380FC76BA}.Debug|x64.Deploy.0 = Debug|x64
		{24FC634D-E4FA-4447-AA9F-684380FC76BA}.Debug|x86.ActiveCfg = Debug|x86
		{24FC634D-E4FA-4447-AA9F-684380FC76BA}.Debug|x86.Build.0 = Debug|x86
		{24FC634D-E4FA-4447-AA9F-684380FC76BA}.Debug|x86.Deploy.0 = Debug|x86
		{24FC634D-E4FA-4447-AA9F-684380FC76BA}.Release|Any CPU.ActiveCfg = Release|x86
		{24FC634D-E4FA-4447-AA9F-684380FC76BA}.Release|ARM.ActiveCfg = Release|ARM
		{24FC634D-E4FA-4447-AA9F-684380FC76BA}.Release|ARM.Build.0 = Release|ARM
		{24FC634D-E4FA-4447-AA9F-684380FC76BA}.Release|ARM.Deploy.0 = Release|ARM
		{24FC634D-E4FA-4447-AA9F-684380FC76BA}.Release|ARM64.ActiveCfg = Release|ARM64
		{24FC634D-E4FA-4447-AA9F-684380FC76BA}.Release|ARM64.Build.0 = Release|ARM64
		{24FC634D-E4FA-4447-AA9F-684380FC76BA}.Release|ARM64.Deploy.0 = Release|ARM64
		{24FC634D-E4FA-4447-AA9F-684380FC76BA}.Release|x64.ActiveCfg = Release|x64
		{24FC634D-E4FA-4447-AA9F-684380FC76BA}.Release|x64.Build.0 = Release|x64
		{24FC634D-E4FA-4447-AA9F-684380FC76BA}.Release|x64.Deploy.0 = Release|x64
		{24FC634D-E4FA-4447-AA9F-684380FC76BA}.Release|x86.ActiveCfg = Release|x86
		{24FC634D-E4FA-4447-AA9F-684380FC76BA}.Release|x86.Build.0 = Release|x86
		{24FC634D-E4FA-4447-AA9F-684380FC76BA}.Release|x86.Deploy.0 = Release|x86
		{3B1B5DE2-A532-4F2F-9B72-00047826FE67}.Debug|Any CPU.ActiveCfg = Debug|Any CPU
		{3B1B5DE2-A532-4F2F-9B72-00047826FE67}.Debug|Any CPU.Build.0 = Debug|Any CPU
		{3B1B5DE2-A532-4F2F-9B72-00047826FE67}.Debug|ARM.ActiveCfg = Debug|Any CPU
		{3B1B5DE2-A532-4F2F-9B72-00047826FE67}.Debug|ARM.Build.0 = Debug|Any CPU
		{3B1B5DE2-A532-4F2F-9B72-00047826FE67}.Debug|ARM64.ActiveCfg = Debug|Any CPU
		{3B1B5DE2-A532-4F2F-9B72-00047826FE67}.Debug|ARM64.Build.0 = Debug|Any CPU
		{3B1B5DE2-A532-4F2F-9B72-00047826FE67}.Debug|x64.ActiveCfg = Debug|Any CPU
		{3B1B5DE2-A532-4F2F-9B72-00047826FE67}.Debug|x64.Build.0 = Debug|Any CPU
		{3B1B5DE2-A532-4F2F-9B72-00047826FE67}.Debug|x86.ActiveCfg = Debug|Any CPU
		{3B1B5DE2-A532-4F2F-9B72-00047826FE67}.Debug|x86.Build.0 = Debug|Any CPU
		{3B1B5DE2-A532-4F2F-9B72-00047826FE67}.Release|Any CPU.ActiveCfg = Release|Any CPU
		{3B1B5DE2-A532-4F2F-9B72-00047826FE67}.Release|Any CPU.Build.0 = Release|Any CPU
		{3B1B5DE2-A532-4F2F-9B72-00047826FE67}.Release|ARM.ActiveCfg = Release|Any CPU
		{3B1B5DE2-A532-4F2F-9B72-00047826FE67}.Release|ARM.Build.0 = Release|Any CPU
		{3B1B5DE2-A532-4F2F-9B72-00047826FE67}.Release|ARM64.ActiveCfg = Release|Any CPU
		{3B1B5DE2-A532-4F2F-9B72-00047826FE67}.Release|ARM64.Build.0 = Release|Any CPU
		{3B1B5DE2-A532-4F2F-9B72-00047826FE67}.Release|x64.ActiveCfg = Release|Any CPU
		{3B1B5DE2-A532-4F2F-9B72-00047826FE67}.Release|x64.Build.0 = Release|Any CPU
		{3B1B5DE2-A532-4F2F-9B72-00047826FE67}.Release|x86.ActiveCfg = Release|Any CPU
		{3B1B5DE2-A532-4F2F-9B72-00047826FE67}.Release|x86.Build.0 = Release|Any CPU
		{A5D6E5EB-82D1-443A-9B9F-1E273960D041}.Debug|Any CPU.ActiveCfg = Debug|Any CPU
		{A5D6E5EB-82D1-443A-9B9F-1E273960D041}.Debug|Any CPU.Build.0 = Debug|Any CPU
		{A5D6E5EB-82D1-443A-9B9F-1E273960D041}.Debug|ARM.ActiveCfg = Debug|Any CPU
		{A5D6E5EB-82D1-443A-9B9F-1E273960D041}.Debug|ARM.Build.0 = Debug|Any CPU
		{A5D6E5EB-82D1-443A-9B9F-1E273960D041}.Debug|ARM64.ActiveCfg = Debug|Any CPU
		{A5D6E5EB-82D1-443A-9B9F-1E273960D041}.Debug|ARM64.Build.0 = Debug|Any CPU
		{A5D6E5EB-82D1-443A-9B9F-1E273960D041}.Debug|x64.ActiveCfg = Debug|Any CPU
		{A5D6E5EB-82D1-443A-9B9F-1E273960D041}.Debug|x64.Build.0 = Debug|Any CPU
		{A5D6E5EB-82D1-443A-9B9F-1E273960D041}.Debug|x86.ActiveCfg = Debug|Any CPU
		{A5D6E5EB-82D1-443A-9B9F-1E273960D041}.Debug|x86.Build.0 = Debug|Any CPU
		{A5D6E5EB-82D1-443A-9B9F-1E273960D041}.Release|Any CPU.ActiveCfg = Release|Any CPU
		{A5D6E5EB-82D1-443A-9B9F-1E273960D041}.Release|Any CPU.Build.0 = Release|Any CPU
		{A5D6E5EB-82D1-443A-9B9F-1E273960D041}.Release|ARM.ActiveCfg = Release|Any CPU
		{A5D6E5EB-82D1-443A-9B9F-1E273960D041}.Release|ARM.Build.0 = Release|Any CPU
		{A5D6E5EB-82D1-443A-9B9F-1E273960D041}.Release|ARM64.ActiveCfg = Release|Any CPU
		{A5D6E5EB-82D1-443A-9B9F-1E273960D041}.Release|ARM64.Build.0 = Release|Any CPU
		{A5D6E5EB-82D1-443A-9B9F-1E273960D041}.Release|x64.ActiveCfg = Release|Any CPU
		{A5D6E5EB-82D1-443A-9B9F-1E273960D041}.Release|x64.Build.0 = Release|Any CPU
		{A5D6E5EB-82D1-443A-9B9F-1E273960D041}.Release|x86.ActiveCfg = Release|Any CPU
		{A5D6E5EB-82D1-443A-9B9F-1E273960D041}.Release|x86.Build.0 = Release|Any CPU
	EndGlobalSection
	GlobalSection(SolutionProperties) = preSolution
		HideSolutionNode = FALSE
	EndGlobalSection
	GlobalSection(ExtensibilityGlobals) = postSolution
		SolutionGuid = {7CDB2E0F-D16E-4C0D-A783-1AC05E8A2265}
	EndGlobalSection
EndGlobal
